
Microsoft Visual Studio Solution File, Format Version 10.00
# Visual Studio 2008
Project("{8BC9CEB8-8B4A-11D0-8D11-00A0C91BC942}") = "Vacs Client", "Vacs Client.vcproj", "{7ECDC4ED-866C-45AC-A3A8-31E50A4900DB}"
EndProject
Project("{8BC9CEB8-8B4A-11D0-8D11-00A0C91BC942}") = "commport", "commport\commport.vcproj", "{BFA0E021-6FB4-4083-8DD9-6762043C4BE2}"
EndProject
Project("{8BC9CEB8-8B4A-11D0-8D11-00A0C91BC942}") = "ConsoleDefinition", "ConsoleDefinition\ConsoleDefinition.vcproj", "{740464D5-D72A-482F-B461-E64963928877}"
EndProject
Project("{8BC9CEB8-8B4A-11D0-8D11-00A0C91BC942}") = "DLList32", "DLList32\DLList32.vcproj", "{93E11C93-76EB-4447-9EDE-B3F3F36B239E}"
EndProject
Project("{8BC9CEB8-8B4A-11D0-8D11-00A0C91BC942}") = "usengl", "usengl\usengl.vcproj", "{4720132D-E3CD-497A-8172-09C9593D6B47}"
EndProject
Project("{8BC9CEB8-8B4A-11D0-8D11-00A0C91BC942}") = "midi", "midi\midi.vcproj", "{0CEADA34-DC13-4081-8539-89295D016889}"
EndProject
Global
	GlobalSection(SolutionConfigurationPlatforms) = preSolution
		Debug|Win32 = Debug|Win32
		Release|Win32 = Release|Win32
	EndGlobalSection
	GlobalSection(ProjectConfigurationPlatforms) = postSolution
		{7ECDC4ED-866C-45AC-A3A8-31E50A4900DB}.Debug|Win32.ActiveCfg = Debug|Win32
		{7ECDC4ED-866C-45AC-A3A8-31E50A4900DB}.Debug|Win32.Build.0 = Debug|Win32
		{7ECDC4ED-866C-45AC-A3A8-31E50A4900DB}.Release|Win32.ActiveCfg = Release|Win32
		{7ECDC4ED-866C-45AC-A3A8-31E50A4900DB}.Release|Win32.Build.0 = Release|Win32
		{BFA0E021-6FB4-4083-8DD9-6762043C4BE2}.Debug|Win32.ActiveCfg = Debug|Win32
		{BFA0E021-6FB4-4083-8DD9-6762043C4BE2}.Debug|Win32.Build.0 = Debug|Win32
		{BFA0E021-6FB4-4083-8DD9-6762043C4BE2}.Release|Win32.ActiveCfg = Release|Win32
		{BFA0E021-6FB4-4083-8DD9-6762043C4BE2}.Release|Win32.Build.0 = Release|Win32
		{740464D5-D72A-482F-B461-E64963928877}.Debug|Win32.ActiveCfg = Debug|Win32
		{740464D5-D72A-482F-B461-E64963928877}.Debug|Win32.Build.0 = Debug|Win32
		{740464D5-D72A-482F-B461-E64963928877}.Release|Win32.ActiveCfg = Release|Win32
		{740464D5-D72A-482F-B461-E64963928877}.Release|Win32.Build.0 = Release|Win32
		{93E11C93-76EB-4447-9EDE-B3F3F36B239E}.Debug|Win32.ActiveCfg = Debug|Win32
		{93E11C93-76EB-4447-9EDE-B3F3F36B239E}.Debug|Win32.Build.0 = Debug|Win32
		{93E11C93-76EB-4447-9EDE-B3F3F36B239E}.Release|Win32.ActiveCfg = Release|Win32
		{93E11C93-76EB-4447-9EDE-B3F3F36B239E}.Release|Win32.Build.0 = Release|Win32
		{4720132D-E3CD-497A-8172-09C9593D6B47}.Debug|Win32.ActiveCfg = Debug|Win32
		{4720132D-E3CD-497A-8172-09C9593D6B47}.Debug|Win32.Build.0 = Debug|Win32
		{4720132D-E3CD-497A-8172-09C9593D6B47}.Release|Win32.ActiveCfg = Release|Win32
		{4720132D-E3CD-497A-8172-09C9593D6B47}.Release|Win32.Build.0 = Release|Win32
		{0CEADA34-DC13-4081-8539-89295D016889}.Debug|Win32.ActiveCfg = Debug|Win32
		{0CEADA34-DC13-4081-8539-89295D016889}.Debug|Win32.Build.0 = Debug|Win32
		{0CEADA34-DC13-4081-8539-89295D016889}.Release|Win32.ActiveCfg = Release|Win32
		{0CEADA34-DC13-4081-8539-89295D016889}.Release|Win32.Build.0 = Release|Win32
	EndGlobalSection
	GlobalSection(SolutionProperties) = preSolution
		HideSolutionNode = FALSE
	EndGlobalSection
EndGlobal
