<?xml version="1.0" encoding="utf-8"?>
<Project ToolsVersion="4.0" xmlns="http://schemas.microsoft.com/developer/msbuild/2003">
  <ItemGroup>
    <Filter Include="Source Files">
      <UniqueIdentifier>{db85498c-94e4-4db0-bb08-2d951008f46c}</UniqueIdentifier>
      <Extensions>cpp;c;cxx;rc;def;r;odl;idl;hpj;bat</Extensions>
    </Filter>
    <Filter Include="Header Files">
      <UniqueIdentifier>{a714090f-ea71-486d-8ce6-77550cc92f9e}</UniqueIdentifier>
      <Extensions>h;hpp;hxx;hm;inl</Extensions>
    </Filter>
    <Filter Include="Resource Files">
      <UniqueIdentifier>{4c38dadf-42b7-4304-b032-b74bd7f0d52e}</UniqueIdentifier>
      <Extensions>ico;cur;bmp;dlg;rc2;rct;bin;rgs;gif;jpg;jpeg;jpe</Extensions>
    </Filter>
  </ItemGroup>
  <ItemGroup>
    <ClCompile Include="commfifo.c">
      <Filter>Source Files</Filter>
    </ClCompile>
    <ClCompile Include="CommPort.c">
      <Filter>Source Files</Filter>
    </ClCompile>
    <ClCompile Include="DLL_Main.c">
      <Filter>Source Files</Filter>
    </ClCompile>
  </ItemGroup>
  <ItemGroup>
    <ClInclude Include="commfifo.h">
      <Filter>Header Files</Filter>
    </ClInclude>
    <ClInclude Include="CommPort.h">
      <Filter>Header Files</Filter>
    </ClInclude>
  </ItemGroup>
</Project>