<?xml version="1.0" encoding="utf-8"?>
<Project ToolsVersion="4.0" xmlns="http://schemas.microsoft.com/developer/msbuild/2003">
  <ItemGroup>
    <Filter Include="Source Files">
      <UniqueIdentifier>{ad548165-94de-4ea5-8dda-a66319c30d09}</UniqueIdentifier>
      <Extensions>cpp;c;cxx;rc;def;r;odl;hpj;bat;for;f90</Extensions>
    </Filter>
    <Filter Include="Header Files">
      <UniqueIdentifier>{d9dd5c7c-7606-485e-a4eb-40c4bc014be6}</UniqueIdentifier>
      <Extensions>h;hpp;hxx;hm;inl;fi;fd</Extensions>
    </Filter>
    <Filter Include="Resource Files">
      <UniqueIdentifier>{fff42b89-10ed-46a2-9712-807aba881c6e}</UniqueIdentifier>
      <Extensions>ico;cur;bmp;dlg;rc2;rct;bin;cnt;rtf;gif;jpg;jpeg;jpe</Extensions>
    </Filter>
  </ItemGroup>
  <ItemGroup>
    <ClCompile Include="DL_LIST.C">
      <Filter>Source Files</Filter>
    </ClCompile>
    <ClCompile Include="DLLMain.C">
      <Filter>Source Files</Filter>
    </ClCompile>
  </ItemGroup>
  <ItemGroup>
    <ClInclude Include="..\inc\DLLIST.H">
      <Filter>Header Files</Filter>
    </ClInclude>
    <ClInclude Include="..\inc\Spooler.h">
      <Filter>Header Files</Filter>
    </ClInclude>
  </ItemGroup>
</Project>